
Microsoft Visual Studio Solution File, Format Version 12.00
# Visual Studio Version 17
VisualStudioVersion = 17.3.32811.315
MinimumVisualStudioVersion = 10.0.40219.1
Project("{FAE04EC0-301F-11D3-BF4B-00C04F79EFBC}") = "WebApplicationKK4", "WebApplicationKK4\WebApplicationKK4.csproj", "{AB97CC88-900E-48D5-BEFF-0042B2420A0C}"
EndProject
Global
	GlobalSection(SolutionConfigurationPlatforms) = preSolution
		Debug|Any CPU = Debug|Any CPU
		Release|Any CPU = Release|Any CPU
	EndGlobalSection
	GlobalSection(ProjectConfigurationPlatforms) = postSolution
		{AB97CC88-900E-48D5-BEFF-0042B2420A0C}.Debug|Any CPU.ActiveCfg = Debug|Any CPU
		{AB97CC88-900E-48D5-BEFF-0042B2420A0C}.Debug|Any CPU.Build.0 = Debug|Any CPU
		{AB97CC88-900E-48D5-BEFF-0042B2420A0C}.Release|Any CPU.ActiveCfg = Release|Any CPU
		{AB97CC88-900E-48D5-BEFF-0042B2420A0C}.Release|Any CPU.Build.0 = Release|Any CPU
	EndGlobalSection
	GlobalSection(SolutionProperties) = preSolution
		HideSolutionNode = FALSE
	EndGlobalSection
	GlobalSection(ExtensibilityGlobals) = postSolution
		SolutionGuid = {B7301E10-3E03-428E-91EE-474A11EB8F31}
	EndGlobalSection
EndGlobal
